%{"elixir_make": {:hex, :elixir_make, "0.4.0", "992f38fabe705bb45821a728f20914c554b276838433349d4f2341f7a687cddf", [:mix], []},
  "geo": {:hex, :geo, "1.4.1", "c1d93e12daecf0bac17d8d5b202e3aeed1e772e6ed99b7cc81c270ae54cf57e4", [:mix], [{:ecto, "~> 2.1", [hex: :ecto, optional: true]}, {:poison, "~> 1.5 or ~> 2.0 or ~> 3.0", [hex: :poison, optional: true]}, {:postgrex, "~> 0.13", [hex: :postgrex, optional: true]}]}}
